
Microsoft Visual Studio Solution File, Format Version 12.00
# Visual Studio 14
VisualStudioVersion = 14.0.24720.0
MinimumVisualStudioVersion = 10.0.40219.1
Project("{FAE04EC0-301F-11D3-BF4B-00C04F79EFBC}") = "DownSite", "DownSite.csproj", "{B7863312-4A87-4A67-A16C-E65E6730F31A}"
EndProject
Project("{FAE04EC0-301F-11D3-BF4B-00C04F79EFBC}") = "ServiceStack.Text", "..\ServiceStack.Text\src\ServiceStack.Text\ServiceStack.Text.csproj", "{579B3FDB-CDAD-44E1-8417-885C38E49A0E}"
EndProject
Project("{FAE04EC0-301F-11D3-BF4B-00C04F79EFBC}") = "ServiceStack", "..\ServiceStack\src\ServiceStack\ServiceStack.csproj", "{680A1709-25EB-4D52-A87F-EE03FFD94BAA}"
EndProject
Project("{FAE04EC0-301F-11D3-BF4B-00C04F79EFBC}") = "ServiceStack.Client", "..\ServiceStack\src\ServiceStack.Client\ServiceStack.Client.csproj", "{C43F583F-ABDE-4DD4-BBE3-66322817A6AD}"
EndProject
Project("{FAE04EC0-301F-11D3-BF4B-00C04F79EFBC}") = "ServiceStack.Interfaces", "..\ServiceStack\src\ServiceStack.Interfaces\ServiceStack.Interfaces.csproj", "{55942102-033A-4DA8-A6AF-1DB7B2F34A2D}"
EndProject
Project("{FAE04EC0-301F-11D3-BF4B-00C04F79EFBC}") = "ServiceStack.OrmLite", "..\ServiceStack.OrmLite\src\ServiceStack.OrmLite\ServiceStack.OrmLite.csproj", "{96179AC6-F6F1-40C3-9FDD-4F6582F54C5C}"
EndProject
Project("{FAE04EC0-301F-11D3-BF4B-00C04F79EFBC}") = "ServiceStack.OrmLite.Sqlite.Windows", "..\ServiceStack.OrmLite\src\ServiceStack.OrmLite.Sqlite.Windows\ServiceStack.OrmLite.Sqlite.Windows.csproj", "{A5541444-70EE-4B5E-8A5F-C7D8A0048EBE}"
EndProject
Project("{FAE04EC0-301F-11D3-BF4B-00C04F79EFBC}") = "ServiceStack.Common", "..\ServiceStack\src\ServiceStack.Common\ServiceStack.Common.csproj", "{982416DB-C143-4028-A0C3-CF41892D18D3}"
EndProject
Project("{FAE04EC0-301F-11D3-BF4B-00C04F79EFBC}") = "ServiceStack.Razor", "..\ServiceStack\src\ServiceStack.Razor\ServiceStack.Razor.csproj", "{D73274AE-006B-4CEE-BA60-0ECF5873048D}"
EndProject
Global
	GlobalSection(SolutionConfigurationPlatforms) = preSolution
		Debug|Any CPU = Debug|Any CPU
		Debug|Mixed Platforms = Debug|Mixed Platforms
		Debug|x86 = Debug|x86
		MonoTouch|Any CPU = MonoTouch|Any CPU
		MonoTouch|Mixed Platforms = MonoTouch|Mixed Platforms
		MonoTouch|x86 = MonoTouch|x86
		Release|Any CPU = Release|Any CPU
		Release|Mixed Platforms = Release|Mixed Platforms
		Release|x86 = Release|x86
		Signed|Any CPU = Signed|Any CPU
		Signed|Mixed Platforms = Signed|Mixed Platforms
		Signed|x86 = Signed|x86
		STATIC_ONLY NO_EXPRESSIONS|Any CPU = STATIC_ONLY NO_EXPRESSIONS|Any CPU
		STATIC_ONLY NO_EXPRESSIONS|Mixed Platforms = STATIC_ONLY NO_EXPRESSIONS|Mixed Platforms
		STATIC_ONLY NO_EXPRESSIONS|x86 = STATIC_ONLY NO_EXPRESSIONS|x86
	EndGlobalSection
	GlobalSection(ProjectConfigurationPlatforms) = postSolution
		{B7863312-4A87-4A67-A16C-E65E6730F31A}.Debug|Any CPU.ActiveCfg = Debug|Any CPU
		{B7863312-4A87-4A67-A16C-E65E6730F31A}.Debug|Any CPU.Build.0 = Debug|Any CPU
		{B7863312-4A87-4A67-A16C-E65E6730F31A}.Debug|Mixed Platforms.ActiveCfg = Debug|x86
		{B7863312-4A87-4A67-A16C-E65E6730F31A}.Debug|Mixed Platforms.Build.0 = Debug|x86
		{B7863312-4A87-4A67-A16C-E65E6730F31A}.Debug|x86.ActiveCfg = Debug|x86
		{B7863312-4A87-4A67-A16C-E65E6730F31A}.Debug|x86.Build.0 = Debug|x86
		{B7863312-4A87-4A67-A16C-E65E6730F31A}.MonoTouch|Any CPU.ActiveCfg = Release|Any CPU
		{B7863312-4A87-4A67-A16C-E65E6730F31A}.MonoTouch|Any CPU.Build.0 = Release|Any CPU
		{B7863312-4A87-4A67-A16C-E65E6730F31A}.MonoTouch|Mixed Platforms.ActiveCfg = Release|x86
		{B7863312-4A87-4A67-A16C-E65E6730F31A}.MonoTouch|Mixed Platforms.Build.0 = Release|x86
		{B7863312-4A87-4A67-A16C-E65E6730F31A}.MonoTouch|x86.ActiveCfg = Release|x86
		{B7863312-4A87-4A67-A16C-E65E6730F31A}.MonoTouch|x86.Build.0 = Release|x86
		{B7863312-4A87-4A67-A16C-E65E6730F31A}.Release|Any CPU.ActiveCfg = Release|Any CPU
		{B7863312-4A87-4A67-A16C-E65E6730F31A}.Release|Any CPU.Build.0 = Release|Any CPU
		{B7863312-4A87-4A67-A16C-E65E6730F31A}.Release|Mixed Platforms.ActiveCfg = Release|x86
		{B7863312-4A87-4A67-A16C-E65E6730F31A}.Release|Mixed Platforms.Build.0 = Release|x86
		{B7863312-4A87-4A67-A16C-E65E6730F31A}.Release|x86.ActiveCfg = Release|x86
		{B7863312-4A87-4A67-A16C-E65E6730F31A}.Release|x86.Build.0 = Release|x86
		{B7863312-4A87-4A67-A16C-E65E6730F31A}.Signed|Any CPU.ActiveCfg = Release|Any CPU
		{B7863312-4A87-4A67-A16C-E65E6730F31A}.Signed|Any CPU.Build.0 = Release|Any CPU
		{B7863312-4A87-4A67-A16C-E65E6730F31A}.Signed|Mixed Platforms.ActiveCfg = Release|x86
		{B7863312-4A87-4A67-A16C-E65E6730F31A}.Signed|Mixed Platforms.Build.0 = Release|x86
		{B7863312-4A87-4A67-A16C-E65E6730F31A}.Signed|x86.ActiveCfg = Release|x86
		{B7863312-4A87-4A67-A16C-E65E6730F31A}.Signed|x86.Build.0 = Release|x86
		{B7863312-4A87-4A67-A16C-E65E6730F31A}.STATIC_ONLY NO_EXPRESSIONS|Any CPU.ActiveCfg = Release|Any CPU
		{B7863312-4A87-4A67-A16C-E65E6730F31A}.STATIC_ONLY NO_EXPRESSIONS|Any CPU.Build.0 = Release|Any CPU
		{B7863312-4A87-4A67-A16C-E65E6730F31A}.STATIC_ONLY NO_EXPRESSIONS|Mixed Platforms.ActiveCfg = Release|x86
		{B7863312-4A87-4A67-A16C-E65E6730F31A}.STATIC_ONLY NO_EXPRESSIONS|Mixed Platforms.Build.0 = Release|x86
		{B7863312-4A87-4A67-A16C-E65E6730F31A}.STATIC_ONLY NO_EXPRESSIONS|x86.ActiveCfg = Release|x86
		{B7863312-4A87-4A67-A16C-E65E6730F31A}.STATIC_ONLY NO_EXPRESSIONS|x86.Build.0 = Release|x86
		{579B3FDB-CDAD-44E1-8417-885C38E49A0E}.Debug|Any CPU.ActiveCfg = Debug|Any CPU
		{579B3FDB-CDAD-44E1-8417-885C38E49A0E}.Debug|Any CPU.Build.0 = Debug|Any CPU
		{579B3FDB-CDAD-44E1-8417-885C38E49A0E}.Debug|Mixed Platforms.ActiveCfg = Debug|Any CPU
		{579B3FDB-CDAD-44E1-8417-885C38E49A0E}.Debug|Mixed Platforms.Build.0 = Debug|Any CPU
		{579B3FDB-CDAD-44E1-8417-885C38E49A0E}.Debug|x86.ActiveCfg = Debug|Any CPU
		{579B3FDB-CDAD-44E1-8417-885C38E49A0E}.Debug|x86.Build.0 = Debug|Any CPU
		{579B3FDB-CDAD-44E1-8417-885C38E49A0E}.MonoTouch|Any CPU.ActiveCfg = MonoTouch|Any CPU
		{579B3FDB-CDAD-44E1-8417-885C38E49A0E}.MonoTouch|Any CPU.Build.0 = MonoTouch|Any CPU
		{579B3FDB-CDAD-44E1-8417-885C38E49A0E}.MonoTouch|Mixed Platforms.ActiveCfg = MonoTouch|Any CPU
		{579B3FDB-CDAD-44E1-8417-885C38E49A0E}.MonoTouch|Mixed Platforms.Build.0 = MonoTouch|Any CPU
		{579B3FDB-CDAD-44E1-8417-885C38E49A0E}.MonoTouch|x86.ActiveCfg = MonoTouch|Any CPU
		{579B3FDB-CDAD-44E1-8417-885C38E49A0E}.MonoTouch|x86.Build.0 = MonoTouch|Any CPU
		{579B3FDB-CDAD-44E1-8417-885C38E49A0E}.Release|Any CPU.ActiveCfg = Release|Any CPU
		{579B3FDB-CDAD-44E1-8417-885C38E49A0E}.Release|Any CPU.Build.0 = Release|Any CPU
		{579B3FDB-CDAD-44E1-8417-885C38E49A0E}.Release|Mixed Platforms.ActiveCfg = Release|Any CPU
		{579B3FDB-CDAD-44E1-8417-885C38E49A0E}.Release|Mixed Platforms.Build.0 = Release|Any CPU
		{579B3FDB-CDAD-44E1-8417-885C38E49A0E}.Release|x86.ActiveCfg = Release|Any CPU
		{579B3FDB-CDAD-44E1-8417-885C38E49A0E}.Release|x86.Build.0 = Release|Any CPU
		{579B3FDB-CDAD-44E1-8417-885C38E49A0E}.Signed|Any CPU.ActiveCfg = Signed|Any CPU
		{579B3FDB-CDAD-44E1-8417-885C38E49A0E}.Signed|Any CPU.Build.0 = Signed|Any CPU
		{579B3FDB-CDAD-44E1-8417-885C38E49A0E}.Signed|Mixed Platforms.ActiveCfg = Signed|Any CPU
		{579B3FDB-CDAD-44E1-8417-885C38E49A0E}.Signed|Mixed Platforms.Build.0 = Signed|Any CPU
		{579B3FDB-CDAD-44E1-8417-885C38E49A0E}.Signed|x86.ActiveCfg = Signed|Any CPU
		{579B3FDB-CDAD-44E1-8417-885C38E49A0E}.Signed|x86.Build.0 = Signed|Any CPU
		{579B3FDB-CDAD-44E1-8417-885C38E49A0E}.STATIC_ONLY NO_EXPRESSIONS|Any CPU.ActiveCfg = Signed|Any CPU
		{579B3FDB-CDAD-44E1-8417-885C38E49A0E}.STATIC_ONLY NO_EXPRESSIONS|Any CPU.Build.0 = Signed|Any CPU
		{579B3FDB-CDAD-44E1-8417-885C38E49A0E}.STATIC_ONLY NO_EXPRESSIONS|Mixed Platforms.ActiveCfg = Signed|Any CPU
		{579B3FDB-CDAD-44E1-8417-885C38E49A0E}.STATIC_ONLY NO_EXPRESSIONS|Mixed Platforms.Build.0 = Signed|Any CPU
		{579B3FDB-CDAD-44E1-8417-885C38E49A0E}.STATIC_ONLY NO_EXPRESSIONS|x86.ActiveCfg = Signed|Any CPU
		{579B3FDB-CDAD-44E1-8417-885C38E49A0E}.STATIC_ONLY NO_EXPRESSIONS|x86.Build.0 = Signed|Any CPU
		{680A1709-25EB-4D52-A87F-EE03FFD94BAA}.Debug|Any CPU.ActiveCfg = Debug|Any CPU
		{680A1709-25EB-4D52-A87F-EE03FFD94BAA}.Debug|Any CPU.Build.0 = Debug|Any CPU
		{680A1709-25EB-4D52-A87F-EE03FFD94BAA}.Debug|Mixed Platforms.ActiveCfg = Debug|Any CPU
		{680A1709-25EB-4D52-A87F-EE03FFD94BAA}.Debug|Mixed Platforms.Build.0 = Debug|Any CPU
		{680A1709-25EB-4D52-A87F-EE03FFD94BAA}.Debug|x86.ActiveCfg = Debug|Any CPU
		{680A1709-25EB-4D52-A87F-EE03FFD94BAA}.Debug|x86.Build.0 = Debug|Any CPU
		{680A1709-25EB-4D52-A87F-EE03FFD94BAA}.MonoTouch|Any CPU.ActiveCfg = Signed|Any CPU
		{680A1709-25EB-4D52-A87F-EE03FFD94BAA}.MonoTouch|Any CPU.Build.0 = Signed|Any CPU
		{680A1709-25EB-4D52-A87F-EE03FFD94BAA}.MonoTouch|Mixed Platforms.ActiveCfg = Signed|Any CPU
		{680A1709-25EB-4D52-A87F-EE03FFD94BAA}.MonoTouch|Mixed Platforms.Build.0 = Signed|Any CPU
		{680A1709-25EB-4D52-A87F-EE03FFD94BAA}.MonoTouch|x86.ActiveCfg = Signed|Any CPU
		{680A1709-25EB-4D52-A87F-EE03FFD94BAA}.MonoTouch|x86.Build.0 = Signed|Any CPU
		{680A1709-25EB-4D52-A87F-EE03FFD94BAA}.Release|Any CPU.ActiveCfg = Release|Any CPU
		{680A1709-25EB-4D52-A87F-EE03FFD94BAA}.Release|Any CPU.Build.0 = Release|Any CPU
		{680A1709-25EB-4D52-A87F-EE03FFD94BAA}.Release|Mixed Platforms.ActiveCfg = Release|Any CPU
		{680A1709-25EB-4D52-A87F-EE03FFD94BAA}.Release|Mixed Platforms.Build.0 = Release|Any CPU
		{680A1709-25EB-4D52-A87F-EE03FFD94BAA}.Release|x86.ActiveCfg = Release|Any CPU
		{680A1709-25EB-4D52-A87F-EE03FFD94BAA}.Release|x86.Build.0 = Release|Any CPU
		{680A1709-25EB-4D52-A87F-EE03FFD94BAA}.Signed|Any CPU.ActiveCfg = Signed|Any CPU
		{680A1709-25EB-4D52-A87F-EE03FFD94BAA}.Signed|Any CPU.Build.0 = Signed|Any CPU
		{680A1709-25EB-4D52-A87F-EE03FFD94BAA}.Signed|Mixed Platforms.ActiveCfg = Signed|Any CPU
		{680A1709-25EB-4D52-A87F-EE03FFD94BAA}.Signed|Mixed Platforms.Build.0 = Signed|Any CPU
		{680A1709-25EB-4D52-A87F-EE03FFD94BAA}.Signed|x86.ActiveCfg = Signed|Any CPU
		{680A1709-25EB-4D52-A87F-EE03FFD94BAA}.Signed|x86.Build.0 = Signed|Any CPU
		{680A1709-25EB-4D52-A87F-EE03FFD94BAA}.STATIC_ONLY NO_EXPRESSIONS|Any CPU.ActiveCfg = Signed|Any CPU
		{680A1709-25EB-4D52-A87F-EE03FFD94BAA}.STATIC_ONLY NO_EXPRESSIONS|Any CPU.Build.0 = Signed|Any CPU
		{680A1709-25EB-4D52-A87F-EE03FFD94BAA}.STATIC_ONLY NO_EXPRESSIONS|Mixed Platforms.ActiveCfg = Signed|Any CPU
		{680A1709-25EB-4D52-A87F-EE03FFD94BAA}.STATIC_ONLY NO_EXPRESSIONS|Mixed Platforms.Build.0 = Signed|Any CPU
		{680A1709-25EB-4D52-A87F-EE03FFD94BAA}.STATIC_ONLY NO_EXPRESSIONS|x86.ActiveCfg = Signed|Any CPU
		{680A1709-25EB-4D52-A87F-EE03FFD94BAA}.STATIC_ONLY NO_EXPRESSIONS|x86.Build.0 = Signed|Any CPU
		{C43F583F-ABDE-4DD4-BBE3-66322817A6AD}.Debug|Any CPU.ActiveCfg = Debug|Any CPU
		{C43F583F-ABDE-4DD4-BBE3-66322817A6AD}.Debug|Any CPU.Build.0 = Debug|Any CPU
		{C43F583F-ABDE-4DD4-BBE3-66322817A6AD}.Debug|Mixed Platforms.ActiveCfg = Debug|Any CPU
		{C43F583F-ABDE-4DD4-BBE3-66322817A6AD}.Debug|Mixed Platforms.Build.0 = Debug|Any CPU
		{C43F583F-ABDE-4DD4-BBE3-66322817A6AD}.Debug|x86.ActiveCfg = Debug|Any CPU
		{C43F583F-ABDE-4DD4-BBE3-66322817A6AD}.Debug|x86.Build.0 = Debug|Any CPU
		{C43F583F-ABDE-4DD4-BBE3-66322817A6AD}.MonoTouch|Any CPU.ActiveCfg = Signed|Any CPU
		{C43F583F-ABDE-4DD4-BBE3-66322817A6AD}.MonoTouch|Any CPU.Build.0 = Signed|Any CPU
		{C43F583F-ABDE-4DD4-BBE3-66322817A6AD}.MonoTouch|Mixed Platforms.ActiveCfg = Signed|Any CPU
		{C43F583F-ABDE-4DD4-BBE3-66322817A6AD}.MonoTouch|Mixed Platforms.Build.0 = Signed|Any CPU
		{C43F583F-ABDE-4DD4-BBE3-66322817A6AD}.MonoTouch|x86.ActiveCfg = Signed|Any CPU
		{C43F583F-ABDE-4DD4-BBE3-66322817A6AD}.MonoTouch|x86.Build.0 = Signed|Any CPU
		{C43F583F-ABDE-4DD4-BBE3-66322817A6AD}.Release|Any CPU.ActiveCfg = Release|Any CPU
		{C43F583F-ABDE-4DD4-BBE3-66322817A6AD}.Release|Any CPU.Build.0 = Release|Any CPU
		{C43F583F-ABDE-4DD4-BBE3-66322817A6AD}.Release|Mixed Platforms.ActiveCfg = Release|Any CPU
		{C43F583F-ABDE-4DD4-BBE3-66322817A6AD}.Release|Mixed Platforms.Build.0 = Release|Any CPU
		{C43F583F-ABDE-4DD4-BBE3-66322817A6AD}.Release|x86.ActiveCfg = Release|Any CPU
		{C43F583F-ABDE-4DD4-BBE3-66322817A6AD}.Release|x86.Build.0 = Release|Any CPU
		{C43F583F-ABDE-4DD4-BBE3-66322817A6AD}.Signed|Any CPU.ActiveCfg = Signed|Any CPU
		{C43F583F-ABDE-4DD4-BBE3-66322817A6AD}.Signed|Any CPU.Build.0 = Signed|Any CPU
		{C43F583F-ABDE-4DD4-BBE3-66322817A6AD}.Signed|Mixed Platforms.ActiveCfg = Signed|Any CPU
		{C43F583F-ABDE-4DD4-BBE3-66322817A6AD}.Signed|Mixed Platforms.Build.0 = Signed|Any CPU
		{C43F583F-ABDE-4DD4-BBE3-66322817A6AD}.Signed|x86.ActiveCfg = Signed|Any CPU
		{C43F583F-ABDE-4DD4-BBE3-66322817A6AD}.Signed|x86.Build.0 = Signed|Any CPU
		{C43F583F-ABDE-4DD4-BBE3-66322817A6AD}.STATIC_ONLY NO_EXPRESSIONS|Any CPU.ActiveCfg = Signed|Any CPU
		{C43F583F-ABDE-4DD4-BBE3-66322817A6AD}.STATIC_ONLY NO_EXPRESSIONS|Any CPU.Build.0 = Signed|Any CPU
		{C43F583F-ABDE-4DD4-BBE3-66322817A6AD}.STATIC_ONLY NO_EXPRESSIONS|Mixed Platforms.ActiveCfg = Signed|Any CPU
		{C43F583F-ABDE-4DD4-BBE3-66322817A6AD}.STATIC_ONLY NO_EXPRESSIONS|Mixed Platforms.Build.0 = Signed|Any CPU
		{C43F583F-ABDE-4DD4-BBE3-66322817A6AD}.STATIC_ONLY NO_EXPRESSIONS|x86.ActiveCfg = Signed|Any CPU
		{C43F583F-ABDE-4DD4-BBE3-66322817A6AD}.STATIC_ONLY NO_EXPRESSIONS|x86.Build.0 = Signed|Any CPU
		{55942102-033A-4DA8-A6AF-1DB7B2F34A2D}.Debug|Any CPU.ActiveCfg = Debug|Any CPU
		{55942102-033A-4DA8-A6AF-1DB7B2F34A2D}.Debug|Any CPU.Build.0 = Debug|Any CPU
		{55942102-033A-4DA8-A6AF-1DB7B2F34A2D}.Debug|Mixed Platforms.ActiveCfg = Debug|Any CPU
		{55942102-033A-4DA8-A6AF-1DB7B2F34A2D}.Debug|Mixed Platforms.Build.0 = Debug|Any CPU
		{55942102-033A-4DA8-A6AF-1DB7B2F34A2D}.Debug|x86.ActiveCfg = Debug|Any CPU
		{55942102-033A-4DA8-A6AF-1DB7B2F34A2D}.Debug|x86.Build.0 = Debug|Any CPU
		{55942102-033A-4DA8-A6AF-1DB7B2F34A2D}.MonoTouch|Any CPU.ActiveCfg = Release|Any CPU
		{55942102-033A-4DA8-A6AF-1DB7B2F34A2D}.MonoTouch|Any CPU.Build.0 = Release|Any CPU
		{55942102-033A-4DA8-A6AF-1DB7B2F34A2D}.MonoTouch|Mixed Platforms.ActiveCfg = Release|Any CPU
		{55942102-033A-4DA8-A6AF-1DB7B2F34A2D}.MonoTouch|Mixed Platforms.Build.0 = Release|Any CPU
		{55942102-033A-4DA8-A6AF-1DB7B2F34A2D}.MonoTouch|x86.ActiveCfg = Release|Any CPU
		{55942102-033A-4DA8-A6AF-1DB7B2F34A2D}.MonoTouch|x86.Build.0 = Release|Any CPU
		{55942102-033A-4DA8-A6AF-1DB7B2F34A2D}.Release|Any CPU.ActiveCfg = Release|Any CPU
		{55942102-033A-4DA8-A6AF-1DB7B2F34A2D}.Release|Any CPU.Build.0 = Release|Any CPU
		{55942102-033A-4DA8-A6AF-1DB7B2F34A2D}.Release|Mixed Platforms.ActiveCfg = Release|Any CPU
		{55942102-033A-4DA8-A6AF-1DB7B2F34A2D}.Release|Mixed Platforms.Build.0 = Release|Any CPU
		{55942102-033A-4DA8-A6AF-1DB7B2F34A2D}.Release|x86.ActiveCfg = Release|Any CPU
		{55942102-033A-4DA8-A6AF-1DB7B2F34A2D}.Release|x86.Build.0 = Release|Any CPU
		{55942102-033A-4DA8-A6AF-1DB7B2F34A2D}.Signed|Any CPU.ActiveCfg = Release|Any CPU
		{55942102-033A-4DA8-A6AF-1DB7B2F34A2D}.Signed|Any CPU.Build.0 = Release|Any CPU
		{55942102-033A-4DA8-A6AF-1DB7B2F34A2D}.Signed|Mixed Platforms.ActiveCfg = Release|Any CPU
		{55942102-033A-4DA8-A6AF-1DB7B2F34A2D}.Signed|Mixed Platforms.Build.0 = Release|Any CPU
		{55942102-033A-4DA8-A6AF-1DB7B2F34A2D}.Signed|x86.ActiveCfg = Release|Any CPU
		{55942102-033A-4DA8-A6AF-1DB7B2F34A2D}.Signed|x86.Build.0 = Release|Any CPU
		{55942102-033A-4DA8-A6AF-1DB7B2F34A2D}.STATIC_ONLY NO_EXPRESSIONS|Any CPU.ActiveCfg = Release|Any CPU
		{55942102-033A-4DA8-A6AF-1DB7B2F34A2D}.STATIC_ONLY NO_EXPRESSIONS|Any CPU.Build.0 = Release|Any CPU
		{55942102-033A-4DA8-A6AF-1DB7B2F34A2D}.STATIC_ONLY NO_EXPRESSIONS|Mixed Platforms.ActiveCfg = Release|Any CPU
		{55942102-033A-4DA8-A6AF-1DB7B2F34A2D}.STATIC_ONLY NO_EXPRESSIONS|Mixed Platforms.Build.0 = Release|Any CPU
		{55942102-033A-4DA8-A6AF-1DB7B2F34A2D}.STATIC_ONLY NO_EXPRESSIONS|x86.ActiveCfg = Release|Any CPU
		{55942102-033A-4DA8-A6AF-1DB7B2F34A2D}.STATIC_ONLY NO_EXPRESSIONS|x86.Build.0 = Release|Any CPU
		{96179AC6-F6F1-40C3-9FDD-4F6582F54C5C}.Debug|Any CPU.ActiveCfg = Debug|Any CPU
		{96179AC6-F6F1-40C3-9FDD-4F6582F54C5C}.Debug|Any CPU.Build.0 = Debug|Any CPU
		{96179AC6-F6F1-40C3-9FDD-4F6582F54C5C}.Debug|Mixed Platforms.ActiveCfg = Debug|Any CPU
		{96179AC6-F6F1-40C3-9FDD-4F6582F54C5C}.Debug|Mixed Platforms.Build.0 = Debug|Any CPU
		{96179AC6-F6F1-40C3-9FDD-4F6582F54C5C}.Debug|x86.ActiveCfg = Debug|Any CPU
		{96179AC6-F6F1-40C3-9FDD-4F6582F54C5C}.Debug|x86.Build.0 = Debug|Any CPU
		{96179AC6-F6F1-40C3-9FDD-4F6582F54C5C}.MonoTouch|Any CPU.ActiveCfg = MonoTouch|Any CPU
		{96179AC6-F6F1-40C3-9FDD-4F6582F54C5C}.MonoTouch|Any CPU.Build.0 = MonoTouch|Any CPU
		{96179AC6-F6F1-40C3-9FDD-4F6582F54C5C}.MonoTouch|Mixed Platforms.ActiveCfg = MonoTouch|Any CPU
		{96179AC6-F6F1-40C3-9FDD-4F6582F54C5C}.MonoTouch|Mixed Platforms.Build.0 = MonoTouch|Any CPU
		{96179AC6-F6F1-40C3-9FDD-4F6582F54C5C}.MonoTouch|x86.ActiveCfg = MonoTouch|Any CPU
		{96179AC6-F6F1-40C3-9FDD-4F6582F54C5C}.MonoTouch|x86.Build.0 = MonoTouch|Any CPU
		{96179AC6-F6F1-40C3-9FDD-4F6582F54C5C}.Release|Any CPU.ActiveCfg = Release|Any CPU
		{96179AC6-F6F1-40C3-9FDD-4F6582F54C5C}.Release|Any CPU.Build.0 = Release|Any CPU
		{96179AC6-F6F1-40C3-9FDD-4F6582F54C5C}.Release|Mixed Platforms.ActiveCfg = Release|Any CPU
		{96179AC6-F6F1-40C3-9FDD-4F6582F54C5C}.Release|Mixed Platforms.Build.0 = Release|Any CPU
		{96179AC6-F6F1-40C3-9FDD-4F6582F54C5C}.Release|x86.ActiveCfg = Release|Any CPU
		{96179AC6-F6F1-40C3-9FDD-4F6582F54C5C}.Release|x86.Build.0 = Release|Any CPU
		{96179AC6-F6F1-40C3-9FDD-4F6582F54C5C}.Signed|Any CPU.ActiveCfg = Signed|Any CPU
		{96179AC6-F6F1-40C3-9FDD-4F6582F54C5C}.Signed|Any CPU.Build.0 = Signed|Any CPU
		{96179AC6-F6F1-40C3-9FDD-4F6582F54C5C}.Signed|Mixed Platforms.ActiveCfg = Signed|Any CPU
		{96179AC6-F6F1-40C3-9FDD-4F6582F54C5C}.Signed|Mixed Platforms.Build.0 = Signed|Any CPU
		{96179AC6-F6F1-40C3-9FDD-4F6582F54C5C}.Signed|x86.ActiveCfg = Signed|Any CPU
		{96179AC6-F6F1-40C3-9FDD-4F6582F54C5C}.Signed|x86.Build.0 = Signed|Any CPU
		{96179AC6-F6F1-40C3-9FDD-4F6582F54C5C}.STATIC_ONLY NO_EXPRESSIONS|Any CPU.ActiveCfg = STATIC_ONLY NO_EXPRESSIONS|Any CPU
		{96179AC6-F6F1-40C3-9FDD-4F6582F54C5C}.STATIC_ONLY NO_EXPRESSIONS|Any CPU.Build.0 = STATIC_ONLY NO_EXPRESSIONS|Any CPU
		{96179AC6-F6F1-40C3-9FDD-4F6582F54C5C}.STATIC_ONLY NO_EXPRESSIONS|Mixed Platforms.ActiveCfg = STATIC_ONLY NO_EXPRESSIONS|Any CPU
		{96179AC6-F6F1-40C3-9FDD-4F6582F54C5C}.STATIC_ONLY NO_EXPRESSIONS|Mixed Platforms.Build.0 = STATIC_ONLY NO_EXPRESSIONS|Any CPU
		{96179AC6-F6F1-40C3-9FDD-4F6582F54C5C}.STATIC_ONLY NO_EXPRESSIONS|x86.ActiveCfg = STATIC_ONLY NO_EXPRESSIONS|Any CPU
		{96179AC6-F6F1-40C3-9FDD-4F6582F54C5C}.STATIC_ONLY NO_EXPRESSIONS|x86.Build.0 = STATIC_ONLY NO_EXPRESSIONS|Any CPU
		{A5541444-70EE-4B5E-8A5F-C7D8A0048EBE}.Debug|Any CPU.ActiveCfg = Debug|Any CPU
		{A5541444-70EE-4B5E-8A5F-C7D8A0048EBE}.Debug|Any CPU.Build.0 = Debug|Any CPU
		{A5541444-70EE-4B5E-8A5F-C7D8A0048EBE}.Debug|Mixed Platforms.ActiveCfg = Debug|Any CPU
		{A5541444-70EE-4B5E-8A5F-C7D8A0048EBE}.Debug|Mixed Platforms.Build.0 = Debug|Any CPU
		{A5541444-70EE-4B5E-8A5F-C7D8A0048EBE}.Debug|x86.ActiveCfg = Debug|Any CPU
		{A5541444-70EE-4B5E-8A5F-C7D8A0048EBE}.Debug|x86.Build.0 = Debug|Any CPU
		{A5541444-70EE-4B5E-8A5F-C7D8A0048EBE}.MonoTouch|Any CPU.ActiveCfg = Signed|Any CPU
		{A5541444-70EE-4B5E-8A5F-C7D8A0048EBE}.MonoTouch|Any CPU.Build.0 = Signed|Any CPU
		{A5541444-70EE-4B5E-8A5F-C7D8A0048EBE}.MonoTouch|Mixed Platforms.ActiveCfg = Signed|Any CPU
		{A5541444-70EE-4B5E-8A5F-C7D8A0048EBE}.MonoTouch|Mixed Platforms.Build.0 = Signed|Any CPU
		{A5541444-70EE-4B5E-8A5F-C7D8A0048EBE}.MonoTouch|x86.ActiveCfg = Signed|Any CPU
		{A5541444-70EE-4B5E-8A5F-C7D8A0048EBE}.MonoTouch|x86.Build.0 = Signed|Any CPU
		{A5541444-70EE-4B5E-8A5F-C7D8A0048EBE}.Release|Any CPU.ActiveCfg = Release|Any CPU
		{A5541444-70EE-4B5E-8A5F-C7D8A0048EBE}.Release|Any CPU.Build.0 = Release|Any CPU
		{A5541444-70EE-4B5E-8A5F-C7D8A0048EBE}.Release|Mixed Platforms.ActiveCfg = Release|Any CPU
		{A5541444-70EE-4B5E-8A5F-C7D8A0048EBE}.Release|Mixed Platforms.Build.0 = Release|Any CPU
		{A5541444-70EE-4B5E-8A5F-C7D8A0048EBE}.Release|x86.ActiveCfg = Release|Any CPU
		{A5541444-70EE-4B5E-8A5F-C7D8A0048EBE}.Release|x86.Build.0 = Release|Any CPU
		{A5541444-70EE-4B5E-8A5F-C7D8A0048EBE}.Signed|Any CPU.ActiveCfg = Signed|Any CPU
		{A5541444-70EE-4B5E-8A5F-C7D8A0048EBE}.Signed|Any CPU.Build.0 = Signed|Any CPU
		{A5541444-70EE-4B5E-8A5F-C7D8A0048EBE}.Signed|Mixed Platforms.ActiveCfg = Signed|Any CPU
		{A5541444-70EE-4B5E-8A5F-C7D8A0048EBE}.Signed|Mixed Platforms.Build.0 = Signed|Any CPU
		{A5541444-70EE-4B5E-8A5F-C7D8A0048EBE}.Signed|x86.ActiveCfg = Signed|Any CPU
		{A5541444-70EE-4B5E-8A5F-C7D8A0048EBE}.Signed|x86.Build.0 = Signed|Any CPU
		{A5541444-70EE-4B5E-8A5F-C7D8A0048EBE}.STATIC_ONLY NO_EXPRESSIONS|Any CPU.ActiveCfg = Signed|Any CPU
		{A5541444-70EE-4B5E-8A5F-C7D8A0048EBE}.STATIC_ONLY NO_EXPRESSIONS|Any CPU.Build.0 = Signed|Any CPU
		{A5541444-70EE-4B5E-8A5F-C7D8A0048EBE}.STATIC_ONLY NO_EXPRESSIONS|Mixed Platforms.ActiveCfg = Signed|Any CPU
		{A5541444-70EE-4B5E-8A5F-C7D8A0048EBE}.STATIC_ONLY NO_EXPRESSIONS|Mixed Platforms.Build.0 = Signed|Any CPU
		{A5541444-70EE-4B5E-8A5F-C7D8A0048EBE}.STATIC_ONLY NO_EXPRESSIONS|x86.ActiveCfg = Signed|Any CPU
		{A5541444-70EE-4B5E-8A5F-C7D8A0048EBE}.STATIC_ONLY NO_EXPRESSIONS|x86.Build.0 = Signed|Any CPU
		{982416DB-C143-4028-A0C3-CF41892D18D3}.Debug|Any CPU.ActiveCfg = Debug|Any CPU
		{982416DB-C143-4028-A0C3-CF41892D18D3}.Debug|Any CPU.Build.0 = Debug|Any CPU
		{982416DB-C143-4028-A0C3-CF41892D18D3}.Debug|Mixed Platforms.ActiveCfg = Debug|Any CPU
		{982416DB-C143-4028-A0C3-CF41892D18D3}.Debug|Mixed Platforms.Build.0 = Debug|Any CPU
		{982416DB-C143-4028-A0C3-CF41892D18D3}.Debug|x86.ActiveCfg = Debug|Any CPU
		{982416DB-C143-4028-A0C3-CF41892D18D3}.Debug|x86.Build.0 = Debug|Any CPU
		{982416DB-C143-4028-A0C3-CF41892D18D3}.MonoTouch|Any CPU.ActiveCfg = Signed|Any CPU
		{982416DB-C143-4028-A0C3-CF41892D18D3}.MonoTouch|Any CPU.Build.0 = Signed|Any CPU
		{982416DB-C143-4028-A0C3-CF41892D18D3}.MonoTouch|Mixed Platforms.ActiveCfg = Signed|Any CPU
		{982416DB-C143-4028-A0C3-CF41892D18D3}.MonoTouch|Mixed Platforms.Build.0 = Signed|Any CPU
		{982416DB-C143-4028-A0C3-CF41892D18D3}.MonoTouch|x86.ActiveCfg = Signed|Any CPU
		{982416DB-C143-4028-A0C3-CF41892D18D3}.MonoTouch|x86.Build.0 = Signed|Any CPU
		{982416DB-C143-4028-A0C3-CF41892D18D3}.Release|Any CPU.ActiveCfg = Release|Any CPU
		{982416DB-C143-4028-A0C3-CF41892D18D3}.Release|Any CPU.Build.0 = Release|Any CPU
		{982416DB-C143-4028-A0C3-CF41892D18D3}.Release|Mixed Platforms.ActiveCfg = Release|Any CPU
		{982416DB-C143-4028-A0C3-CF41892D18D3}.Release|Mixed Platforms.Build.0 = Release|Any CPU
		{982416DB-C143-4028-A0C3-CF41892D18D3}.Release|x86.ActiveCfg = Release|Any CPU
		{982416DB-C143-4028-A0C3-CF41892D18D3}.Release|x86.Build.0 = Release|Any CPU
		{982416DB-C143-4028-A0C3-CF41892D18D3}.Signed|Any CPU.ActiveCfg = Signed|Any CPU
		{982416DB-C143-4028-A0C3-CF41892D18D3}.Signed|Any CPU.Build.0 = Signed|Any CPU
		{982416DB-C143-4028-A0C3-CF41892D18D3}.Signed|Mixed Platforms.ActiveCfg = Signed|Any CPU
		{982416DB-C143-4028-A0C3-CF41892D18D3}.Signed|Mixed Platforms.Build.0 = Signed|Any CPU
		{982416DB-C143-4028-A0C3-CF41892D18D3}.Signed|x86.ActiveCfg = Signed|Any CPU
		{982416DB-C143-4028-A0C3-CF41892D18D3}.Signed|x86.Build.0 = Signed|Any CPU
		{982416DB-C143-4028-A0C3-CF41892D18D3}.STATIC_ONLY NO_EXPRESSIONS|Any CPU.ActiveCfg = Signed|Any CPU
		{982416DB-C143-4028-A0C3-CF41892D18D3}.STATIC_ONLY NO_EXPRESSIONS|Any CPU.Build.0 = Signed|Any CPU
		{982416DB-C143-4028-A0C3-CF41892D18D3}.STATIC_ONLY NO_EXPRESSIONS|Mixed Platforms.ActiveCfg = Signed|Any CPU
		{982416DB-C143-4028-A0C3-CF41892D18D3}.STATIC_ONLY NO_EXPRESSIONS|Mixed Platforms.Build.0 = Signed|Any CPU
		{982416DB-C143-4028-A0C3-CF41892D18D3}.STATIC_ONLY NO_EXPRESSIONS|x86.ActiveCfg = Signed|Any CPU
		{982416DB-C143-4028-A0C3-CF41892D18D3}.STATIC_ONLY NO_EXPRESSIONS|x86.Build.0 = Signed|Any CPU
		{D73274AE-006B-4CEE-BA60-0ECF5873048D}.Debug|Any CPU.ActiveCfg = Debug|Any CPU
		{D73274AE-006B-4CEE-BA60-0ECF5873048D}.Debug|Any CPU.Build.0 = Debug|Any CPU
		{D73274AE-006B-4CEE-BA60-0ECF5873048D}.Debug|Mixed Platforms.ActiveCfg = Debug|Any CPU
		{D73274AE-006B-4CEE-BA60-0ECF5873048D}.Debug|Mixed Platforms.Build.0 = Debug|Any CPU
		{D73274AE-006B-4CEE-BA60-0ECF5873048D}.Debug|x86.ActiveCfg = Debug|Any CPU
		{D73274AE-006B-4CEE-BA60-0ECF5873048D}.Debug|x86.Build.0 = Debug|Any CPU
		{D73274AE-006B-4CEE-BA60-0ECF5873048D}.MonoTouch|Any CPU.ActiveCfg = Signed|Any CPU
		{D73274AE-006B-4CEE-BA60-0ECF5873048D}.MonoTouch|Any CPU.Build.0 = Signed|Any CPU
		{D73274AE-006B-4CEE-BA60-0ECF5873048D}.MonoTouch|Mixed Platforms.ActiveCfg = Signed|Any CPU
		{D73274AE-006B-4CEE-BA60-0ECF5873048D}.MonoTouch|Mixed Platforms.Build.0 = Signed|Any CPU
		{D73274AE-006B-4CEE-BA60-0ECF5873048D}.MonoTouch|x86.ActiveCfg = Signed|Any CPU
		{D73274AE-006B-4CEE-BA60-0ECF5873048D}.MonoTouch|x86.Build.0 = Signed|Any CPU
		{D73274AE-006B-4CEE-BA60-0ECF5873048D}.Release|Any CPU.ActiveCfg = Release|Any CPU
		{D73274AE-006B-4CEE-BA60-0ECF5873048D}.Release|Any CPU.Build.0 = Release|Any CPU
		{D73274AE-006B-4CEE-BA60-0ECF5873048D}.Release|Mixed Platforms.ActiveCfg = Release|Any CPU
		{D73274AE-006B-4CEE-BA60-0ECF5873048D}.Release|Mixed Platforms.Build.0 = Release|Any CPU
		{D73274AE-006B-4CEE-BA60-0ECF5873048D}.Release|x86.ActiveCfg = Release|Any CPU
		{D73274AE-006B-4CEE-BA60-0ECF5873048D}.Release|x86.Build.0 = Release|Any CPU
		{D73274AE-006B-4CEE-BA60-0ECF5873048D}.Signed|Any CPU.ActiveCfg = Signed|Any CPU
		{D73274AE-006B-4CEE-BA60-0ECF5873048D}.Signed|Any CPU.Build.0 = Signed|Any CPU
		{D73274AE-006B-4CEE-BA60-0ECF5873048D}.Signed|Mixed Platforms.ActiveCfg = Signed|Any CPU
		{D73274AE-006B-4CEE-BA60-0ECF5873048D}.Signed|Mixed Platforms.Build.0 = Signed|Any CPU
		{D73274AE-006B-4CEE-BA60-0ECF5873048D}.Signed|x86.ActiveCfg = Signed|Any CPU
		{D73274AE-006B-4CEE-BA60-0ECF5873048D}.Signed|x86.Build.0 = Signed|Any CPU
		{D73274AE-006B-4CEE-BA60-0ECF5873048D}.STATIC_ONLY NO_EXPRESSIONS|Any CPU.ActiveCfg = Signed|Any CPU
		{D73274AE-006B-4CEE-BA60-0ECF5873048D}.STATIC_ONLY NO_EXPRESSIONS|Any CPU.Build.0 = Signed|Any CPU
		{D73274AE-006B-4CEE-BA60-0ECF5873048D}.STATIC_ONLY NO_EXPRESSIONS|Mixed Platforms.ActiveCfg = Signed|Any CPU
		{D73274AE-006B-4CEE-BA60-0ECF5873048D}.STATIC_ONLY NO_EXPRESSIONS|Mixed Platforms.Build.0 = Signed|Any CPU
		{D73274AE-006B-4CEE-BA60-0ECF5873048D}.STATIC_ONLY NO_EXPRESSIONS|x86.ActiveCfg = Signed|Any CPU
		{D73274AE-006B-4CEE-BA60-0ECF5873048D}.STATIC_ONLY NO_EXPRESSIONS|x86.Build.0 = Signed|Any CPU
	EndGlobalSection
	GlobalSection(SolutionProperties) = preSolution
		HideSolutionNode = FALSE
	EndGlobalSection
EndGlobal
